// !$*UTF8*$!
{
	archiveVersion = 1;
	classes = {
	};
	objectVersion = 56;
	objects = {

/* Begin PBXBuildFile section */
		A10000012800000000000001 /* HomeAtividade.swift in Sources */ = {isa = PBXBuildFile; fileRef = B10000012800000000000001 /* HomeAtividade.swift */; };
		A10000022800000000000002 /* Song.swift in Sources */ = {isa = PBXBuildFile; fileRef = B10000022800000000000002 /* Song.swift */; };
		A10000032800000000000003 /* LaunchScreenViewController.swift in Sources */ = {isa = PBXBuildFile; fileRef = B10000032800000000000003 /* LaunchScreenViewController.swift */; };
		A10000042800000000000004 /* ExecutaVideoAtividade.swift in Sources */ = {isa = PBXBuildFile; fileRef = B10000042800000000000004 /* ExecutaVideoAtividade.swift */; };
		A10000052800000000000005 /* InstitucionalAtividade.swift in Sources */ = {isa = PBXBuildFile; fileRef = B10000052800000000000005 /* InstitucionalAtividade.swift */; };
		A10000062800000000000006 /* SceneDelegate.swift in Sources */ = {isa = PBXBuildFile; fileRef = B10000062800000000000006 /* SceneDelegate.swift */; };
		A10000072800000000000007 /* VideoDownloadManager.swift in Sources */ = {isa = PBXBuildFile; fileRef = B10000072800000000000007 /* VideoDownloadManager.swift */; };
		A10000082800000000000008 /* AppDelegate.swift in Sources */ = {isa = PBXBuildFile; fileRef = B10000082800000000000008 /* AppDelegate.swift */; };
/* End PBXBuildFile section */

/* Begin PBXFileReference section */
		C10000012800000000000001 /* tres_palavrinhas.app */ = {isa = PBXFileReference; explicitFileType = wrapper.application; includeInIndex = 0; path = tres_palavrinhas.app; sourceTree = BUILT_PRODUCTS_DIR; };
		B10000012800000000000001 /* HomeAtividade.swift */ = {isa = PBXFileReference; lastKnownFileType = sourcecode.swift; path = HomeAtividade.swift; sourceTree = "<group>"; };
		B10000022800000000000002 /* Song.swift */ = {isa = PBXFileReference; lastKnownFileType = sourcecode.swift; path = Song.swift; sourceTree = "<group>"; };
		B10000032800000000000003 /* LaunchScreenViewController.swift */ = {isa = PBXFileReference; lastKnownFileType = sourcecode.swift; path = LaunchScreenViewController.swift; sourceTree = "<group>"; };
		B10000042800000000000004 /* ExecutaVideoAtividade.swift */ = {isa = PBXFileReference; lastKnownFileType = sourcecode.swift; path = ExecutaVideoAtividade.swift; sourceTree = "<group>"; };
		B10000052800000000000005 /* InstitucionalAtividade.swift */ = {isa = PBXFileReference; lastKnownFileType = sourcecode.swift; path = InstitucionalAtividade.swift; sourceTree = "<group>"; };
		B10000062800000000000006 /* SceneDelegate.swift */ = {isa = PBXFileReference; lastKnownFileType = sourcecode.swift; path = SceneDelegate.swift; sourceTree = "<group>"; };
		B10000072800000000000007 /* VideoDownloadManager.swift */ = {isa = PBXFileReference; lastKnownFileType = sourcecode.swift; path = VideoDownloadManager.swift; sourceTree = "<group>"; };
		B10000082800000000000008 /* AppDelegate.swift */ = {isa = PBXFileReference; lastKnownFileType = sourcecode.swift; path = AppDelegate.swift; sourceTree = "<group>"; };
/* End PBXFileReference section */

/* Begin PBXFrameworksBuildPhase section */
		D10000012800000000000001 /* Frameworks */ = {
			isa = PBXFrameworksBuildPhase;
			buildActionMask = 2147483647;
			files = (
			);
			runOnlyForDeploymentPostprocessing = 0;
		};
/* End PBXFrameworksBuildPhase section */

/* Begin PBXGroup section */
		E10000012800000000000001 = {
			isa = PBXGroup;
			children = (
				E10000022800000000000002 /* tres_palavrinhas */,
				E10000032800000000000003 /* Products */,
			);
			sourceTree = "<group>";
		};
		E10000022800000000000002 /* tres_palavrinhas */ = {
			isa = PBXGroup;
			children = (
				B10000082800000000000008 /* AppDelegate.swift */,
				B10000062800000000000006 /* SceneDelegate.swift */,
				B10000012800000000000001 /* HomeAtividade.swift */,
				B10000022800000000000002 /* Song.swift */,
				B10000032800000000000003 /* LaunchScreenViewController.swift */,
				B10000042800000000000004 /* ExecutaVideoAtividade.swift */,
				B10000052800000000000005 /* InstitucionalAtividade.swift */,
				B10000072800000000000007 /* VideoDownloadManager.swift */,
			);
			path = tres_palavrinhas;
			sourceTree = "<group>";
		};
		E10000032800000000000003 /* Products */ = {
			isa = PBXGroup;
			children = (
				C10000012800000000000001 /* tres_palavrinhas.app */,
			);
			name = Products;
			sourceTree = "<group>";
		};
/* End PBXGroup section */

/* Begin PBXNativeTarget section */
		F10000012800000000000001 /* tres_palavrinhas */ = {
			isa = PBXNativeTarget;
			buildConfigurationList = G10000012800000000000001 /* Build configuration list for PBXNativeTarget "tres_palavrinhas" */;
			buildPhases = (
				H10000012800000000000001 /* Sources */,
				D10000012800000000000001 /* Frameworks */,
				H10000022800000000000002 /* Resources */,
			);
			buildRules = (
			);
			dependencies = (
			);
			name = tres_palavrinhas;
			productName = tres_palavrinhas;
			productReference = C10000012800000000000001 /* tres_palavrinhas.app */;
			productType = "com.apple.product-type.application";
		};
/* End PBXNativeTarget section */

/* Begin PBXProject section */
		I10000012800000000000001 /* Project object */ = {
			isa = PBXProject;
			attributes = {
				BuildIndependentTargetsInParallel = 1;
				LastSwiftUpdateCheck = 1400;
				LastUpgradeCheck = 1400;
				TargetAttributes = {
					F10000012800000000000001 = {
						CreatedOnToolsVersion = 14.0;
					};
				};
			};
			buildConfigurationList = G10000022800000000000002 /* Build configuration list for PBXProject "tres_palavrinhas" */;
			compatibilityVersion = "Xcode 14.0";
			developmentRegion = en;
			hasScannedForEncodings = 0;
			knownRegions = (
				en,
				Base,
			);
			mainGroup = E10000012800000000000001;
			productRefGroup = E10000032800000000000003 /* Products */;
			projectDirPath = "";
			projectRoot = "";
			targets = (
				F10000012800000000000001 /* tres_palavrinhas */,
			);
		};
/* End PBXProject section */

/* Begin PBXResourcesBuildPhase section */
		H10000022800000000000002 /* Resources */ = {
			isa = PBXResourcesBuildPhase;
			buildActionMask = 2147483647;
			files = (
			);
			runOnlyForDeploymentPostprocessing = 0;
		};
/* End PBXResourcesBuildPhase section */

/* Begin PBXSourcesBuildPhase section */
		H10000012800000000000001 /* Sources */ = {
			isa = PBXSourcesBuildPhase;
			buildActionMask = 2147483647;
			files = (
				A10000082800000000000008 /* AppDelegate.swift in Sources */,
				A10000062800000000000006 /* SceneDelegate.swift in Sources */,
				A10000012800000000000001 /* HomeAtividade.swift in Sources */,
				A10000022800000000000002 /* Song.swift in Sources */,
				A10000032800000000000003 /* LaunchScreenViewController.swift in Sources */,
				A10000042800000000000004 /* ExecutaVideoAtividade.swift in Sources */,
				A10000052800000000000005 /* InstitucionalAtividade.swift in Sources */,
				A10000072800000000000007 /* VideoDownloadManager.swift in Sources */,
			);
			runOnlyForDeploymentPostprocessing = 0;
		};
/* End PBXSourcesBuildPhase section */

/* Begin XCBuildConfiguration section */
		J10000012800000000000001 /* Debug */ = {
			isa = XCBuildConfiguration;
			buildSettings = {
				ALWAYS_SEARCH_USER_PATHS = NO;
				CLANG_ENABLE_MODULES = YES;
				INFOPLIST_FILE = tres_palavrinhas/Info.plist;
				LD_RUNPATH_SEARCH_PATHS = (
					"$(inherited)",
					"@executable_path/Frameworks",
				);
				PRODUCT_BUNDLE_IDENTIFIER = br.com.emotiondigital.trespalavrinhas;
				PRODUCT_NAME = tres_palavrinhas;
				SWIFT_VERSION = 5.0;
				TARGETED_DEVICE_FAMILY = "1,2";
			};
			name = Debug;
		};
		J10000022800000000000002 /* Release */ = {
			isa = XCBuildConfiguration;
			buildSettings = {
				ALWAYS_SEARCH_USER_PATHS = NO;
				CLANG_ENABLE_MODULES = YES;
				INFOPLIST_FILE = tres_palavrinhas/Info.plist;
				LD_RUNPATH_SEARCH_PATHS = (
					"$(inherited)",
					"@executable_path/Frameworks",
				);
				PRODUCT_BUNDLE_IDENTIFIER = br.com.emotiondigital.trespalavrinhas;
				PRODUCT_NAME = tres_palavrinhas;
				SWIFT_VERSION = 5.0;
				TARGETED_DEVICE_FAMILY = "1,2";
			};
			name = Release;
		};
		J10000032800000000000003 /* Debug */ = {
			isa = XCBuildConfiguration;
			buildSettings = {
				ALWAYS_SEARCH_USER_PATHS = NO;
				CLANG_ENABLE_MODULES = YES;
				SWIFT_VERSION = 5.0;
			};
			name = Debug;
		};
		J10000042800000000000004 /* Release */ = {
			isa = XCBuildConfiguration;
			buildSettings = {
				ALWAYS_SEARCH_USER_PATHS = NO;
				CLANG_ENABLE_MODULES = YES;
				SWIFT_VERSION = 5.0;
			};
			name = Release;
		};
/* End XCBuildConfiguration section */

/* Begin XCConfigurationList section */
		G10000012800000000000001 /* Build configuration list for PBXNativeTarget "tres_palavrinhas" */ = {
			isa = XCConfigurationList;
			buildConfigurations = (
				J10000012800000000000001 /* Debug */,
				J10000022800000000000002 /* Release */,
			);
			defaultConfigurationIsVisible = 0;
			defaultConfigurationName = Release;
		};
		G10000022800000000000002 /* Build configuration list for PBXProject "tres_palavrinhas" */ = {
			isa = XCConfigurationList;
			buildConfigurations = (
				J10000032800000000000003 /* Debug */,
				J10000042800000000000004 /* Release */,
			);
			defaultConfigurationIsVisible = 0;
			defaultConfigurationName = Release;
		};
/* End XCConfigurationList section */
	};
	rootObject = I10000012800000000000001 /* Project object */;
}
